Microsoft Visual Studio Solution File, Format Version 9.00
# Visual Studio 2005
Project("{8BC9CEB8-8B4A-11D0-8D11-00A0C91BC942}") = "mesher", "mesher.vcproj", "{094EE0CF-BF97-49AD-8326-D56CE86D4D73}"
EndProject
Global
	GlobalSection(SolutionConfigurationPlatforms) = preSolution
		Debug|Win32 = Debug|Win32
		Release|Win32 = Release|Win32
	EndGlobalSection
	GlobalSection(ProjectConfigurationPlatforms) = postSolution
		{094EE0CF-BF97-49AD-8326-D56CE86D4D73}.Debug|Win32.ActiveCfg = Debug|Win32
		{094EE0CF-BF97-49AD-8326-D56CE86D4D73}.Debug|Win32.Build.0 = Debug|Win32
		{094EE0CF-BF97-49AD-8326-D56CE86D4D73}.Release|Win32.ActiveCfg = Release|Win32
		{094EE0CF-BF97-49AD-8326-D56CE86D4D73}.Release|Win32.Build.0 = Release|Win32
	EndGlobalSection
	GlobalSection(SolutionProperties) = preSolution
		HideSolutionNode = FALSE
	EndGlobalSection
EndGlobal
